
Microsoft Visual Studio Solution File, Format Version 12.00
# Visual Studio 15
VisualStudioVersion = 15.0.28307.572
MinimumVisualStudioVersion = 10.0.40219.1
Project("{8BC9CEB8-8B4A-11D0-8D11-00A0C91BC942}") = "kkasm_emulator", "kkasm_emulator\kkasm_emulator.vcxproj", "{7719C8D6-0E49-4336-A1E4-ECED58C2756E}"
EndProject
Global
	GlobalSection(SolutionConfigurationPlatforms) = preSolution
		Debug|x64 = Debug|x64
		Debug|x86 = Debug|x86
		Release|x64 = Release|x64
		Release|x86 = Release|x86
	EndGlobalSection
	GlobalSection(ProjectConfigurationPlatforms) = postSolution
		{7719C8D6-0E49-4336-A1E4-ECED58C2756E}.Debug|x64.ActiveCfg = Debug|x64
		{7719C8D6-0E49-4336-A1E4-ECED58C2756E}.Debug|x64.Build.0 = Debug|x64
		{7719C8D6-0E49-4336-A1E4-ECED58C2756E}.Debug|x86.ActiveCfg = Debug|Win32
		{7719C8D6-0E49-4336-A1E4-ECED58C2756E}.Debug|x86.Build.0 = Debug|Win32
		{7719C8D6-0E49-4336-A1E4-ECED58C2756E}.Release|x64.ActiveCfg = Release|x64
		{7719C8D6-0E49-4336-A1E4-ECED58C2756E}.Release|x64.Build.0 = Release|x64
		{7719C8D6-0E49-4336-A1E4-ECED58C2756E}.Release|x86.ActiveCfg = Release|Win32
		{7719C8D6-0E49-4336-A1E4-ECED58C2756E}.Release|x86.Build.0 = Release|Win32
	EndGlobalSection
	GlobalSection(SolutionProperties) = preSolution
		HideSolutionNode = FALSE
	EndGlobalSection
	GlobalSection(ExtensibilityGlobals) = postSolution
		SolutionGuid = {AF72A016-BC66-4B93-9799-DFD23FF77259}
	EndGlobalSection
EndGlobal
